// !$*UTF8*$!
{
	archiveVersion = 1;
	classes = {
	};
	objectVersion = 46;
	objects = {

/* Begin PBXBuildFile section */
		4839ECEE21553BFB00FDD8D5 /* AppDelegate.swift in Sources */ = {isa = PBXBuildFile; fileRef = 4839ECED21553BFB00FDD8D5 /* AppDelegate.swift */; };
		4839ECF021553BFB00FDD8D5 /* ViewController.swift in Sources */ = {isa = PBXBuildFile; fileRef = 4839ECEF21553BFB00FDD8D5 /* ViewController.swift */; };
		4839ECF321553BFB00FDD8D5 /* Main.storyboard in Resources */ = {isa = PBXBuildFile; fileRef = 4839ECF121553BFB00FDD8D5 /* Main.storyboard */; };
		4839ECF521553BFB00FDD8D5 /* Assets.xcassets in Resources */ = {isa = PBXBuildFile; fileRef = 4839ECF421553BFB00FDD8D5 /* Assets.xcassets */; };
		4839ECF821553BFB00FDD8D5 /* LaunchScreen.storyboard in Resources */ = {isa = PBXBuildFile; fileRef = 4839ECF621553BFB00FDD8D5 /* LaunchScreen.storyboard */; };
		4839ED0321553BFB00FDD8D5 /* Is_it_PrimeTests.swift in Sources */ = {isa = PBXBuildFile; fileRef = 4839ED0221553BFB00FDD8D5 /* Is_it_PrimeTests.swift */; };
		4839ED0E21553BFC00FDD8D5 /* Is_it_PrimeUITests.swift in Sources */ = {isa = PBXBuildFile; fileRef = 4839ED0D21553BFC00FDD8D5 /* Is_it_PrimeUITests.swift */; };
/* End PBXBuildFile section */

/* Begin PBXContainerItemProxy section */
		4839ECFF21553BFB00FDD8D5 /* PBXContainerItemProxy */ = {
			isa = PBXContainerItemProxy;
			containerPortal = 4839ECE221553BFB00FDD8D5 /* Project object */;
			proxyType = 1;
			remoteGlobalIDString = 4839ECE921553BFB00FDD8D5;
			remoteInfo = "Is it Prime";
		};
		4839ED0A21553BFC00FDD8D5 /* PBXContainerItemProxy */ = {
			isa = PBXContainerItemProxy;
			containerPortal = 4839ECE221553BFB00FDD8D5 /* Project object */;
			proxyType = 1;
			remoteGlobalIDString = 4839ECE921553BFB00FDD8D5;
			remoteInfo = "Is it Prime";
		};
/* End PBXContainerItemProxy section */

/* Begin PBXFileReference section */
		4839ECEA21553BFB00FDD8D5 /* Is it Prime.app */ = {isa = PBXFileReference; explicitFileType = wrapper.application; includeInIndex = 0; path = "Is it Prime.app"; sourceTree = BUILT_PRODUCTS_DIR; };
		4839ECED21553BFB00FDD8D5 /* AppDelegate.swift */ = {isa = PBXFileReference; lastKnownFileType = sourcecode.swift; path = AppDelegate.swift; sourceTree = "<group>"; };
		4839ECEF21553BFB00FDD8D5 /* ViewController.swift */ = {isa = PBXFileReference; lastKnownFileType = sourcecode.swift; path = ViewController.swift; sourceTree = "<group>"; };
		4839ECF221553BFB00FDD8D5 /* Base */ = {isa = PBXFileReference; lastKnownFileType = file.storyboard; name = Base; path = Base.lproj/Main.storyboard; sourceTree = "<group>"; };
		4839ECF421553BFB00FDD8D5 /* Assets.xcassets */ = {isa = PBXFileReference; lastKnownFileType = folder.assetcatalog; path = Assets.xcassets; sourceTree = "<group>"; };
		4839ECF721553BFB00FDD8D5 /* Base */ = {isa = PBXFileReference; lastKnownFileType = file.storyboard; name = Base; path = Base.lproj/LaunchScreen.storyboard; sourceTree = "<group>"; };
		4839ECF921553BFB00FDD8D5 /* Info.plist */ = {isa = PBXFileReference; lastKnownFileType = text.plist.xml; path = Info.plist; sourceTree = "<group>"; };
		4839ECFE21553BFB00FDD8D5 /* Is it PrimeTests.xctest */ = {isa = PBXFileReference; explicitFileType = wrapper.cfbundle; includeInIndex = 0; path = "Is it PrimeTests.xctest"; sourceTree = BUILT_PRODUCTS_DIR; };
		4839ED0221553BFB00FDD8D5 /* Is_it_PrimeTests.swift */ = {isa = PBXFileReference; lastKnownFileType = sourcecode.swift; path = Is_it_PrimeTests.swift; sourceTree = "<group>"; };
		4839ED0421553BFC00FDD8D5 /* Info.plist */ = {isa = PBXFileReference; lastKnownFileType = text.plist.xml; path = Info.plist; sourceTree = "<group>"; };
		4839ED0921553BFC00FDD8D5 /* Is it PrimeUITests.xctest */ = {isa = PBXFileReference; explicitFileType = wrapper.cfbundle; includeInIndex = 0; path = "Is it PrimeUITests.xctest"; sourceTree = BUILT_PRODUCTS_DIR; };
		4839ED0D21553BFC00FDD8D5 /* Is_it_PrimeUITests.swift */ = {isa = PBXFileReference; lastKnownFileType = sourcecode.swift; path = Is_it_PrimeUITests.swift; sourceTree = "<group>"; };
		4839ED0F21553BFC00FDD8D5 /* Info.plist */ = {isa = PBXFileReference; lastKnownFileType = text.plist.xml; path = Info.plist; sourceTree = "<group>"; };
/* End PBXFileReference section */

/* Begin PBXFrameworksBuildPhase section */
		4839ECE721553BFB00FDD8D5 /* Frameworks */ = {
			isa = PBXFrameworksBuildPhase;
			buildActionMask = 2147483647;
			files = (
			);
			runOnlyForDeploymentPostprocessing = 0;
		};
		4839ECFB21553BFB00FDD8D5 /* Frameworks */ = {
			isa = PBXFrameworksBuildPhase;
			buildActionMask = 2147483647;
			files = (
			);
			runOnlyForDeploymentPostprocessing = 0;
		};
		4839ED0621553BFC00FDD8D5 /* Frameworks */ = {
			isa = PBXFrameworksBuildPhase;
			buildActionMask = 2147483647;
			files = (
			);
			runOnlyForDeploymentPostprocessing = 0;
		};
/* End PBXFrameworksBuildPhase section */

/* Begin PBXGroup section */
		4839ECE121553BFA00FDD8D5 = {
			isa = PBXGroup;
			children = (
				4839ECEC21553BFB00FDD8D5 /* Is it Prime */,
				4839ED0121553BFB00FDD8D5 /* Is it PrimeTests */,
				4839ED0C21553BFC00FDD8D5 /* Is it PrimeUITests */,
				4839ECEB21553BFB00FDD8D5 /* Products */,
			);
			sourceTree = "<group>";
		};
		4839ECEB21553BFB00FDD8D5 /* Products */ = {
			isa = PBXGroup;
			children = (
				4839ECEA21553BFB00FDD8D5 /* Is it Prime.app */,
				4839ECFE21553BFB00FDD8D5 /* Is it PrimeTests.xctest */,
				4839ED0921553BFC00FDD8D5 /* Is it PrimeUITests.xctest */,
			);
			name = Products;
			sourceTree = "<group>";
		};
		4839ECEC21553BFB00FDD8D5 /* Is it Prime */ = {
			isa = PBXGroup;
			children = (
				4839ECED21553BFB00FDD8D5 /* AppDelegate.swift */,
				4839ECEF21553BFB00FDD8D5 /* ViewController.swift */,
				4839ECF121553BFB00FDD8D5 /* Main.storyboard */,
				4839ECF421553BFB00FDD8D5 /* Assets.xcassets */,
				4839ECF621553BFB00FDD8D5 /* LaunchScreen.storyboard */,
				4839ECF921553BFB00FDD8D5 /* Info.plist */,
			);
			path = "Is it Prime";
			sourceTree = "<group>";
		};
		4839ED0121553BFB00FDD8D5 /* Is it PrimeTests */ = {
			isa = PBXGroup;
			children = (
				4839ED0221553BFB00FDD8D5 /* Is_it_PrimeTests.swift */,
				4839ED0421553BFC00FDD8D5 /* Info.plist */,
			);
			path = "Is it PrimeTests";
			sourceTree = "<group>";
		};
		4839ED0C21553BFC00FDD8D5 /* Is it PrimeUITests */ = {
			isa = PBXGroup;
			children = (
				4839ED0D21553BFC00FDD8D5 /* Is_it_PrimeUITests.swift */,
				4839ED0F21553BFC00FDD8D5 /* Info.plist */,
			);
			path = "Is it PrimeUITests";
			sourceTree = "<group>";
		};
/* End PBXGroup section */

/* Begin PBXNativeTarget section */
		4839ECE921553BFB00FDD8D5 /* Is it Prime */ = {
			isa = PBXNativeTarget;
			buildConfigurationList = 4839ED1221553BFC00FDD8D5 /* Build configuration list for PBXNativeTarget "Is it Prime" */;
			buildPhases = (
				4839ECE621553BFB00FDD8D5 /* Sources */,
				4839ECE721553BFB00FDD8D5 /* Frameworks */,
				4839ECE821553BFB00FDD8D5 /* Resources */,
			);
			buildRules = (
			);
			dependencies = (
			);
			name = "Is it Prime";
			productName = "Is it Prime";
			productReference = 4839ECEA21553BFB00FDD8D5 /* Is it Prime.app */;
			productType = "com.apple.product-type.application";
		};
		4839ECFD21553BFB00FDD8D5 /* Is it PrimeTests */ = {
			isa = PBXNativeTarget;
			buildConfigurationList = 4839ED1521553BFC00FDD8D5 /* Build configuration list for PBXNativeTarget "Is it PrimeTests" */;
			buildPhases = (
				4839ECFA21553BFB00FDD8D5 /* Sources */,
				4839ECFB21553BFB00FDD8D5 /* Frameworks */,
				4839ECFC21553BFB00FDD8D5 /* Resources */,
			);
			buildRules = (
			);
			dependencies = (
				4839ED0021553BFB00FDD8D5 /* PBXTargetDependency */,
			);
			name = "Is it PrimeTests";
			productName = "Is it PrimeTests";
			productReference = 4839ECFE21553BFB00FDD8D5 /* Is it PrimeTests.xctest */;
			productType = "com.apple.product-type.bundle.unit-test";
		};
		4839ED0821553BFC00FDD8D5 /* Is it PrimeUITests */ = {
			isa = PBXNativeTarget;
			buildConfigurationList = 4839ED1821553BFC00FDD8D5 /* Build configuration list for PBXNativeTarget "Is it PrimeUITests" */;
			buildPhases = (
				4839ED0521553BFC00FDD8D5 /* Sources */,
				4839ED0621553BFC00FDD8D5 /* Frameworks */,
				4839ED0721553BFC00FDD8D5 /* Resources */,
			);
			buildRules = (
			);
			dependencies = (
				4839ED0B21553BFC00FDD8D5 /* PBXTargetDependency */,
			);
			name = "Is it PrimeUITests";
			productName = "Is it PrimeUITests";
			productReference = 4839ED0921553BFC00FDD8D5 /* Is it PrimeUITests.xctest */;
			productType = "com.apple.product-type.bundle.ui-testing";
		};
/* End PBXNativeTarget section */

/* Begin PBXProject section */
		4839ECE221553BFB00FDD8D5 /* Project object */ = {
			isa = PBXProject;
			attributes = {
				LastSwiftUpdateCheck = 0830;
				LastUpgradeCheck = 0830;
				ORGANIZATIONNAME = Lobna;
				TargetAttributes = {
					4839ECE921553BFB00FDD8D5 = {
						CreatedOnToolsVersion = 8.3.3;
						DevelopmentTeam = P5V9R5BF5L;
						ProvisioningStyle = Automatic;
					};
					4839ECFD21553BFB00FDD8D5 = {
						CreatedOnToolsVersion = 8.3.3;
						DevelopmentTeam = P5V9R5BF5L;
						ProvisioningStyle = Automatic;
						TestTargetID = 4839ECE921553BFB00FDD8D5;
					};
					4839ED0821553BFC00FDD8D5 = {
						CreatedOnToolsVersion = 8.3.3;
						DevelopmentTeam = P5V9R5BF5L;
						ProvisioningStyle = Automatic;
						TestTargetID = 4839ECE921553BFB00FDD8D5;
					};
				};
			};
			buildConfigurationList = 4839ECE521553BFB00FDD8D5 /* Build configuration list for PBXProject "Is it Prime" */;
			compatibilityVersion = "Xcode 3.2";
			developmentRegion = English;
			hasScannedForEncodings = 0;
			knownRegions = (
				en,
				Base,
			);
			mainGroup = 4839ECE121553BFA00FDD8D5;
			productRefGroup = 4839ECEB21553BFB00FDD8D5 /* Products */;
			projectDirPath = "";
			projectRoot = "";
			targets = (
				4839ECE921553BFB00FDD8D5 /* Is it Prime */,
				4839ECFD21553BFB00FDD8D5 /* Is it PrimeTests */,
				4839ED0821553BFC00FDD8D5 /* Is it PrimeUITests */,
			);
		};
/* End PBXProject section */

/* Begin PBXResourcesBuildPhase section */
		4839ECE821553BFB00FDD8D5 /* Resources */ = {
			isa = PBXResourcesBuildPhase;
			buildActionMask = 2147483647;
			files = (
				4839ECF821553BFB00FDD8D5 /* LaunchScreen.storyboard in Resources */,
				4839ECF521553BFB00FDD8D5 /* Assets.xcassets in Resources */,
				4839ECF321553BFB00FDD8D5 /* Main.storyboard in Resources */,
			);
			runOnlyForDeploymentPostprocessing = 0;
		};
		4839ECFC21553BFB00FDD8D5 /* Resources */ = {
			isa = PBXResourcesBuildPhase;
			buildActionMask = 2147483647;
			files = (
			);
			runOnlyForDeploymentPostprocessing = 0;
		};
		4839ED0721553BFC00FDD8D5 /* Resources */ = {
			isa = PBXResourcesBuildPhase;
			buildActionMask = 2147483647;
			files = (
			);
			runOnlyForDeploymentPostprocessing = 0;
		};
/* End PBXResourcesBuildPhase section */

/* Begin PBXSourcesBuildPhase section */
		4839ECE621553BFB00FDD8D5 /* Sources */ = {
			isa = PBXSourcesBuildPhase;
			buildActionMask = 2147483647;
			files = (
				4839ECF021553BFB00FDD8D5 /* ViewController.swift in Sources */,
				4839ECEE21553BFB00FDD8D5 /* AppDelegate.swift in Sources */,
			);
			runOnlyForDeploymentPostprocessing = 0;
		};
		4839ECFA21553BFB00FDD8D5 /* Sources */ = {
			isa = PBXSourcesBuildPhase;
			buildActionMask = 2147483647;
			files = (
				4839ED0321553BFB00FDD8D5 /* Is_it_PrimeTests.swift in Sources */,
			);
			runOnlyForDeploymentPostprocessing = 0;
		};
		4839ED0521553BFC00FDD8D5 /* Sources */ = {
			isa = PBXSourcesBuildPhase;
			buildActionMask = 2147483647;
			files = (
				4839ED0E21553BFC00FDD8D5 /* Is_it_PrimeUITests.swift in Sources */,
			);
			runOnlyForDeploymentPostprocessing = 0;
		};
/* End PBXSourcesBuildPhase section */

/* Begin PBXTargetDependency section */
		4839ED0021553BFB00FDD8D5 /* PBXTargetDependency */ = {
			isa = PBXTargetDependency;
			target = 4839ECE921553BFB00FDD8D5 /* Is it Prime */;
			targetProxy = 4839ECFF21553BFB00FDD8D5 /* PBXContainerItemProxy */;
		};
		4839ED0B21553BFC00FDD8D5 /* PBXTargetDependency */ = {
			isa = PBXTargetDependency;
			target = 4839ECE921553BFB00FDD8D5 /* Is it Prime */;
			targetProxy = 4839ED0A21553BFC00FDD8D5 /* PBXContainerItemProxy */;
		};
/* End PBXTargetDependency section */

/* Begin PBXVariantGroup section */
		4839ECF121553BFB00FDD8D5 /* Main.storyboard */ = {
			isa = PBXVariantGroup;
			children = (
				4839ECF221553BFB00FDD8D5 /* Base */,
			);
			name = Main.storyboard;
			sourceTree = "<group>";
		};
		4839ECF621553BFB00FDD8D5 /* LaunchScreen.storyboard */ = {
			isa = PBXVariantGroup;
			children = (
				4839ECF721553BFB00FDD8D5 /* Base */,
			);
			name = LaunchScreen.storyboard;
			sourceTree = "<group>";
		};
/* End PBXVariantGroup section */

/* Begin XCBuildConfiguration section */
		4839ED1021553BFC00FDD8D5 /* Debug */ = {
			isa = XCBuildConfiguration;
			buildSettings = {
				ALWAYS_SEARCH_USER_PATHS = NO;
				CLANG_ANALYZER_NONNULL = YES;
				CLANG_ANALYZER_NUMBER_OBJECT_CONVERSION = YES_AGGRESSIVE;
				CLANG_CXX_LANGUAGE_STANDARD = "gnu++0x";
				CLANG_CXX_LIBRARY = "libc++";
				CLANG_ENABLE_MODULES = YES;
				CLANG_ENABLE_OBJC_ARC = YES;
				CLANG_WARN_BOOL_CONVERSION = YES;
				CLANG_WARN_CONSTANT_CONVERSION = YES;
				CLANG_WARN_DIRECT_OBJC_ISA_USAGE = YES_ERROR;
				CLANG_WARN_DOCUMENTATION_COMMENTS = YES;
				CLANG_WARN_EMPTY_BODY = YES;
				CLANG_WARN_ENUM_CONVERSION = YES;
				CLANG_WARN_INFINITE_RECURSION = YES;
				CLANG_WARN_INT_CONVERSION = YES;
				CLANG_WARN_OBJC_ROOT_CLASS = YES_ERROR;
				CLANG_WARN_SUSPICIOUS_MOVE = YES;
				CLANG_WARN_UNREACHABLE_CODE = YES;
				CLANG_WARN__DUPLICATE_METHOD_MATCH = YES;
				"CODE_SIGN_IDENTITY[sdk=iphoneos*]" = "iPhone Developer";
				COPY_PHASE_STRIP = NO;
				DEBUG_INFORMATION_FORMAT = dwarf;
				ENABLE_STRICT_OBJC_MSGSEND = YES;
				ENABLE_TESTABILITY = YES;
				GCC_C_LANGUAGE_STANDARD = gnu99;
				GCC_DYNAMIC_NO_PIC = NO;
				GCC_NO_COMMON_BLOCKS = YES;
				GCC_OPTIMIZATION_LEVEL = 0;
				GCC_PREPROCESSOR_DEFINITIONS = (
					"DEBUG=1",
					"$(inherited)",
				);
				GCC_WARN_64_TO_32_BIT_CONVERSION = YES;
				GCC_WARN_ABOUT_RETURN_TYPE = YES_ERROR;
				GCC_WARN_UNDECLARED_SELECTOR = YES;
				GCC_WARN_UNINITIALIZED_AUTOS = YES_AGGRESSIVE;
				GCC_WARN_UNUSED_FUNCTION = YES;
				GCC_WARN_UNUSED_VARIABLE = YES;
				IPHONEOS_DEPLOYMENT_TARGET = 10.3;
				MTL_ENABLE_DEBUG_INFO = YES;
				ONLY_ACTIVE_ARCH = YES;
				SDKROOT = iphoneos;
				SWIFT_ACTIVE_COMPILATION_CONDITIONS = DEBUG;
				SWIFT_OPTIMIZATION_LEVEL = "-Onone";
				TARGETED_DEVICE_FAMILY = "1,2";
			};
			name = Debug;
		};
		4839ED1121553BFC00FDD8D5 /* Release */ = {
			isa = XCBuildConfiguration;
			buildSettings = {
				ALWAYS_SEARCH_USER_PATHS = NO;
				CLANG_ANALYZER_NONNULL = YES;
				CLANG_ANALYZER_NUMBER_OBJECT_CONVERSION = YES_AGGRESSIVE;
				CLANG_CXX_LANGUAGE_STANDARD = "gnu++0x";
				CLANG_CXX_LIBRARY = "libc++";
				CLANG_ENABLE_MODULES = YES;
				CLANG_ENABLE_OBJC_ARC = YES;
				CLANG_WARN_BOOL_CONVERSION = YES;
				CLANG_WARN_CONSTANT_CONVERSION = YES;
				CLANG_WARN_DIRECT_OBJC_ISA_USAGE = YES_ERROR;
				CLANG_WARN_DOCUMENTATION_COMMENTS = YES;
				CLANG_WARN_EMPTY_BODY = YES;
				CLANG_WARN_ENUM_CONVERSION = YES;
				CLANG_WARN_INFINITE_RECURSION = YES;
				CLANG_WARN_INT_CONVERSION = YES;
				CLANG_WARN_OBJC_ROOT_CLASS = YES_ERROR;
				CLANG_WARN_SUSPICIOUS_MOVE = YES;
				CLANG_WARN_UNREACHABLE_CODE = YES;
				CLANG_WARN__DUPLICATE_METHOD_MATCH = YES;
				"CODE_SIGN_IDENTITY[sdk=iphoneos*]" = "iPhone Developer";
				COPY_PHASE_STRIP = NO;
				DEBUG_INFORMATION_FORMAT = "dwarf-with-dsym";
				ENABLE_NS_ASSERTIONS = NO;
				ENABLE_STRICT_OBJC_MSGSEND = YES;
				GCC_C_LANGUAGE_STANDARD = gnu99;
				GCC_NO_COMMON_BLOCKS = YES;
				GCC_WARN_64_TO_32_BIT_CONVERSION = YES;
				GCC_WARN_ABOUT_RETURN_TYPE = YES_ERROR;
				GCC_WARN_UNDECLARED_SELECTOR = YES;
				GCC_WARN_UNINITIALIZED_AUTOS = YES_AGGRESSIVE;
				GCC_WARN_UNUSED_FUNCTION = YES;
				GCC_WARN_UNUSED_VARIABLE = YES;
				IPHONEOS_DEPLOYMENT_TARGET = 10.3;
				MTL_ENABLE_DEBUG_INFO = NO;
				SDKROOT = iphoneos;
				SWIFT_OPTIMIZATION_LEVEL = "-Owholemodule";
				TARGETED_DEVICE_FAMILY = "1,2";
				VALIDATE_PRODUCT = YES;
			};
			name = Release;
		};
		4839ED1321553BFC00FDD8D5 /* Debug */ = {
			isa = XCBuildConfiguration;
			buildSettings = {
				ASSETCATALOG_COMPILER_APPICON_NAME = AppIcon;
				DEVELOPMENT_TEAM = P5V9R5BF5L;
				INFOPLIST_FILE = "Is it Prime/Info.plist";
				LD_RUNPATH_SEARCH_PATHS = "$(inherited) @executable_path/Frameworks";
				PRODUCT_BUNDLE_IDENTIFIER = "Lobna.Is-it-Prime";
				PRODUCT_NAME = "$(TARGET_NAME)";
				SWIFT_VERSION = 3.0;
			};
			name = Debug;
		};
		4839ED1421553BFC00FDD8D5 /* Release */ = {
			isa = XCBuildConfiguration;
			buildSettings = {
				ASSETCATALOG_COMPILER_APPICON_NAME = AppIcon;
				DEVELOPMENT_TEAM = P5V9R5BF5L;
				INFOPLIST_FILE = "Is it Prime/Info.plist";
				LD_RUNPATH_SEARCH_PATHS = "$(inherited) @executable_path/Frameworks";
				PRODUCT_BUNDLE_IDENTIFIER = "Lobna.Is-it-Prime";
				PRODUCT_NAME = "$(TARGET_NAME)";
				SWIFT_VERSION = 3.0;
			};
			name = Release;
		};
		4839ED1621553BFC00FDD8D5 /* Debug */ = {
			isa = XCBuildConfiguration;
			buildSettings = {
				ALWAYS_EMBED_SWIFT_STANDARD_LIBRARIES = YES;
				BUNDLE_LOADER = "$(TEST_HOST)";
				DEVELOPMENT_TEAM = P5V9R5BF5L;
				INFOPLIST_FILE = "Is it PrimeTests/Info.plist";
				LD_RUNPATH_SEARCH_PATHS = "$(inherited) @executable_path/Frameworks @loader_path/Frameworks";
				PRODUCT_BUNDLE_IDENTIFIER = "Lobna.Is-it-PrimeTests";
				PRODUCT_NAME = "$(TARGET_NAME)";
				SWIFT_VERSION = 3.0;
				TEST_HOST = "$(BUILT_PRODUCTS_DIR)/Is it Prime.app/Is it Prime";
			};
			name = Debug;
		};
		4839ED1721553BFC00FDD8D5 /* Release */ = {
			isa = XCBuildConfiguration;
			buildSettings = {
				ALWAYS_EMBED_SWIFT_STANDARD_LIBRARIES = YES;
				BUNDLE_LOADER = "$(TEST_HOST)";
				DEVELOPMENT_TEAM = P5V9R5BF5L;
				INFOPLIST_FILE = "Is it PrimeTests/Info.plist";
				LD_RUNPATH_SEARCH_PATHS = "$(inherited) @executable_path/Frameworks @loader_path/Frameworks";
				PRODUCT_BUNDLE_IDENTIFIER = "Lobna.Is-it-PrimeTests";
				PRODUCT_NAME = "$(TARGET_NAME)";
				SWIFT_VERSION = 3.0;
				TEST_HOST = "$(BUILT_PRODUCTS_DIR)/Is it Prime.app/Is it Prime";
			};
			name = Release;
		};
		4839ED1921553BFC00FDD8D5 /* Debug */ = {
			isa = XCBuildConfiguration;
			buildSettings = {
				ALWAYS_EMBED_SWIFT_STANDARD_LIBRARIES = YES;
				DEVELOPMENT_TEAM = P5V9R5BF5L;
				INFOPLIST_FILE = "Is it PrimeUITests/Info.plist";
				LD_RUNPATH_SEARCH_PATHS = "$(inherited) @executable_path/Frameworks @loader_path/Frameworks";
				PRODUCT_BUNDLE_IDENTIFIER = "Lobna.Is-it-PrimeUITests";
				PRODUCT_NAME = "$(TARGET_NAME)";
				SWIFT_VERSION = 3.0;
				TEST_TARGET_NAME = "Is it Prime";
			};
			name = Debug;
		};
		4839ED1A21553BFC00FDD8D5 /* Release */ = {
			isa = XCBuildConfiguration;
			buildSettings = {
				ALWAYS_EMBED_SWIFT_STANDARD_LIBRARIES = YES;
				DEVELOPMENT_TEAM = P5V9R5BF5L;
				INFOPLIST_FILE = "Is it PrimeUITests/Info.plist";
				LD_RUNPATH_SEARCH_PATHS = "$(inherited) @executable_path/Frameworks @loader_path/Frameworks";
				PRODUCT_BUNDLE_IDENTIFIER = "Lobna.Is-it-PrimeUITests";
				PRODUCT_NAME = "$(TARGET_NAME)";
				SWIFT_VERSION = 3.0;
				TEST_TARGET_NAME = "Is it Prime";
			};
			name = Release;
		};
/* End XCBuildConfiguration section */

/* Begin XCConfigurationList section */
		4839ECE521553BFB00FDD8D5 /* Build configuration list for PBXProject "Is it Prime" */ = {
			isa = XCConfigurationList;
			buildConfigurations = (
				4839ED1021553BFC00FDD8D5 /* Debug */,
				4839ED1121553BFC00FDD8D5 /* Release */,
			);
			defaultConfigurationIsVisible = 0;
			defaultConfigurationName = Release;
		};
		4839ED1221553BFC00FDD8D5 /* Build configuration list for PBXNativeTarget "Is it Prime" */ = {
			isa = XCConfigurationList;
			buildConfigurations = (
				4839ED1321553BFC00FDD8D5 /* Debug */,
				4839ED1421553BFC00FDD8D5 /* Release */,
			);
			defaultConfigurationIsVisible = 0;
		};
		4839ED1521553BFC00FDD8D5 /* Build configuration list for PBXNativeTarget "Is it PrimeTests" */ = {
			isa = XCConfigurationList;
			buildConfigurations = (
				4839ED1621553BFC00FDD8D5 /* Debug */,
				4839ED1721553BFC00FDD8D5 /* Release */,
			);
			defaultConfigurationIsVisible = 0;
		};
		4839ED1821553BFC00FDD8D5 /* Build configuration list for PBXNativeTarget "Is it PrimeUITests" */ = {
			isa = XCConfigurationList;
			buildConfigurations = (
				4839ED1921553BFC00FDD8D5 /* Debug */,
				4839ED1A21553BFC00FDD8D5 /* Release */,
			);
			defaultConfigurationIsVisible = 0;
		};
/* End XCConfigurationList section */
	};
	rootObject = 4839ECE221553BFB00FDD8D5 /* Project object */;
}
